// !$*UTF8*$!
{
	archiveVersion = 1;
	classes = {
	};
	objectVersion = 56;
	objects = {

/* Begin PBXBuildFile section */
		2AD52EE42A28FBE100416196 /* AppDelegate.swift in Sources */ = {isa = PBXBuildFile; fileRef = 2AD52EE32A28FBE100416196 /* AppDelegate.swift */; };
		2AD52EE62A28FBE100416196 /* SceneDelegate.swift in Sources */ = {isa = PBXBuildFile; fileRef = 2AD52EE52A28FBE100416196 /* SceneDelegate.swift */; };
		2AD52EE82A28FBE100416196 /* MainViewController.swift in Sources */ = {isa = PBXBuildFile; fileRef = 2AD52EE72A28FBE100416196 /* MainViewController.swift */; };
		2AD52EED2A28FBE200416196 /* Assets.xcassets in Resources */ = {isa = PBXBuildFile; fileRef = 2AD52EEC2A28FBE200416196 /* Assets.xcassets */; };
		2AD52EF02A28FBE200416196 /* LaunchScreen.storyboard in Resources */ = {isa = PBXBuildFile; fileRef = 2AD52EEE2A28FBE200416196 /* LaunchScreen.storyboard */; };
		2AD52EF92A2C0E7500416196 /* SnapKit in Frameworks */ = {isa = PBXBuildFile; productRef = 2AD52EF82A2C0E7500416196 /* SnapKit */; };
		2AD52EFB2A2C105600416196 /* RegisterViewController.swift in Sources */ = {isa = PBXBuildFile; fileRef = 2AD52EFA2A2C105600416196 /* RegisterViewController.swift */; };
		2AD52EFD2A2C107200416196 /* FgtPwdViewController.swift in Sources */ = {isa = PBXBuildFile; fileRef = 2AD52EFC2A2C107200416196 /* FgtPwdViewController.swift */; };
		2AD52F002A2C2B1400416196 /* FinalViewController.swift in Sources */ = {isa = PBXBuildFile; fileRef = 2AD52EFF2A2C2B1400416196 /* FinalViewController.swift */; };
/* End PBXBuildFile section */

/* Begin PBXFileReference section */
		2AD52EE02A28FBE100416196 /* 3m6hw.app */ = {isa = PBXFileReference; explicitFileType = wrapper.application; includeInIndex = 0; path = 3m6hw.app; sourceTree = BUILT_PRODUCTS_DIR; };
		2AD52EE32A28FBE100416196 /* AppDelegate.swift */ = {isa = PBXFileReference; lastKnownFileType = sourcecode.swift; path = AppDelegate.swift; sourceTree = "<group>"; };
		2AD52EE52A28FBE100416196 /* SceneDelegate.swift */ = {isa = PBXFileReference; lastKnownFileType = sourcecode.swift; path = SceneDelegate.swift; sourceTree = "<group>"; };
		2AD52EE72A28FBE100416196 /* MainViewController.swift */ = {isa = PBXFileReference; lastKnownFileType = sourcecode.swift; path = MainViewController.swift; sourceTree = "<group>"; };
		2AD52EEC2A28FBE200416196 /* Assets.xcassets */ = {isa = PBXFileReference; lastKnownFileType = folder.assetcatalog; path = Assets.xcassets; sourceTree = "<group>"; };
		2AD52EEF2A28FBE200416196 /* Base */ = {isa = PBXFileReference; lastKnownFileType = file.storyboard; name = Base; path = Base.lproj/LaunchScreen.storyboard; sourceTree = "<group>"; };
		2AD52EF12A28FBE200416196 /* Info.plist */ = {isa = PBXFileReference; lastKnownFileType = text.plist.xml; path = Info.plist; sourceTree = "<group>"; };
		2AD52EFA2A2C105600416196 /* RegisterViewController.swift */ = {isa = PBXFileReference; lastKnownFileType = sourcecode.swift; path = RegisterViewController.swift; sourceTree = "<group>"; };
		2AD52EFC2A2C107200416196 /* FgtPwdViewController.swift */ = {isa = PBXFileReference; lastKnownFileType = sourcecode.swift; path = FgtPwdViewController.swift; sourceTree = "<group>"; };
		2AD52EFF2A2C2B1400416196 /* FinalViewController.swift */ = {isa = PBXFileReference; lastKnownFileType = sourcecode.swift; path = FinalViewController.swift; sourceTree = "<group>"; };
/* End PBXFileReference section */

/* Begin PBXFrameworksBuildPhase section */
		2AD52EDD2A28FBE100416196 /* Frameworks */ = {
			isa = PBXFrameworksBuildPhase;
			buildActionMask = 2147483647;
			files = (
				2AD52EF92A2C0E7500416196 /* SnapKit in Frameworks */,
			);
			runOnlyForDeploymentPostprocessing = 0;
		};
/* End PBXFrameworksBuildPhase section */

/* Begin PBXGroup section */
		2AD52ED72A28FBE100416196 = {
			isa = PBXGroup;
			children = (
				2AD52EE22A28FBE100416196 /* 3m6hw */,
				2AD52EE12A28FBE100416196 /* Products */,
			);
			sourceTree = "<group>";
		};
		2AD52EE12A28FBE100416196 /* Products */ = {
			isa = PBXGroup;
			children = (
				2AD52EE02A28FBE100416196 /* 3m6hw.app */,
			);
			name = Products;
			sourceTree = "<group>";
		};
		2AD52EE22A28FBE100416196 /* 3m6hw */ = {
			isa = PBXGroup;
			children = (
				2AD52EFE2A2C107E00416196 /* ViewControllers */,
				2AD52EE32A28FBE100416196 /* AppDelegate.swift */,
				2AD52EE52A28FBE100416196 /* SceneDelegate.swift */,
				2AD52EEC2A28FBE200416196 /* Assets.xcassets */,
				2AD52EEE2A28FBE200416196 /* LaunchScreen.storyboard */,
				2AD52EF12A28FBE200416196 /* Info.plist */,
			);
			path = 3m6hw;
			sourceTree = "<group>";
		};
		2AD52EFE2A2C107E00416196 /* ViewControllers */ = {
			isa = PBXGroup;
			children = (
				2AD52EE72A28FBE100416196 /* MainViewController.swift */,
				2AD52EFA2A2C105600416196 /* RegisterViewController.swift */,
				2AD52EFC2A2C107200416196 /* FgtPwdViewController.swift */,
				2AD52EFF2A2C2B1400416196 /* FinalViewController.swift */,
			);
			path = ViewControllers;
			sourceTree = "<group>";
		};
/* End PBXGroup section */

/* Begin PBXNativeTarget section */
		2AD52EDF2A28FBE100416196 /* 3m6hw */ = {
			isa = PBXNativeTarget;
			buildConfigurationList = 2AD52EF42A28FBE200416196 /* Build configuration list for PBXNativeTarget "3m6hw" */;
			buildPhases = (
				2AD52EDC2A28FBE100416196 /* Sources */,
				2AD52EDD2A28FBE100416196 /* Frameworks */,
				2AD52EDE2A28FBE100416196 /* Resources */,
			);
			buildRules = (
			);
			dependencies = (
			);
			name = 3m6hw;
			packageProductDependencies = (
				2AD52EF82A2C0E7500416196 /* SnapKit */,
			);
			productName = 3m6hw;
			productReference = 2AD52EE02A28FBE100416196 /* 3m6hw.app */;
			productType = "com.apple.product-type.application";
		};
/* End PBXNativeTarget section */

/* Begin PBXProject section */
		2AD52ED82A28FBE100416196 /* Project object */ = {
			isa = PBXProject;
			attributes = {
				BuildIndependentTargetsInParallel = 1;
				LastSwiftUpdateCheck = 1420;
				LastUpgradeCheck = 1420;
				TargetAttributes = {
					2AD52EDF2A28FBE100416196 = {
						CreatedOnToolsVersion = 14.2;
					};
				};
			};
			buildConfigurationList = 2AD52EDB2A28FBE100416196 /* Build configuration list for PBXProject "3m6hw" */;
			compatibilityVersion = "Xcode 14.0";
			developmentRegion = en;
			hasScannedForEncodings = 0;
			knownRegions = (
				en,
				Base,
			);
			mainGroup = 2AD52ED72A28FBE100416196;
			packageReferences = (
				2AD52EF72A2C0E7500416196 /* XCRemoteSwiftPackageReference "SnapKit" */,
			);
			productRefGroup = 2AD52EE12A28FBE100416196 /* Products */;
			projectDirPath = "";
			projectRoot = "";
			targets = (
				2AD52EDF2A28FBE100416196 /* 3m6hw */,
			);
		};
/* End PBXProject section */

/* Begin PBXResourcesBuildPhase section */
		2AD52EDE2A28FBE100416196 /* Resources */ = {
			isa = PBXResourcesBuildPhase;
			buildActionMask = 2147483647;
			files = (
				2AD52EF02A28FBE200416196 /* LaunchScreen.storyboard in Resources */,
				2AD52EED2A28FBE200416196 /* Assets.xcassets in Resources */,
			);
			runOnlyForDeploymentPostprocessing = 0;
		};
/* End PBXResourcesBuildPhase section */

/* Begin PBXSourcesBuildPhase section */
		2AD52EDC2A28FBE100416196 /* Sources */ = {
			isa = PBXSourcesBuildPhase;
			buildActionMask = 2147483647;
			files = (
				2AD52EFD2A2C107200416196 /* FgtPwdViewController.swift in Sources */,
				2AD52F002A2C2B1400416196 /* FinalViewController.swift in Sources */,
				2AD52EE82A28FBE100416196 /* MainViewController.swift in Sources */,
				2AD52EE42A28FBE100416196 /* AppDelegate.swift in Sources */,
				2AD52EE62A28FBE100416196 /* SceneDelegate.swift in Sources */,
				2AD52EFB2A2C105600416196 /* RegisterViewController.swift in Sources */,
			);
			runOnlyForDeploymentPostprocessing = 0;
		};
/* End PBXSourcesBuildPhase section */

/* Begin PBXVariantGroup section */
		2AD52EEE2A28FBE200416196 /* LaunchScreen.storyboard */ = {
			isa = PBXVariantGroup;
			children = (
				2AD52EEF2A28FBE200416196 /* Base */,
			);
			name = LaunchScreen.storyboard;
			sourceTree = "<group>";
		};
/* End PBXVariantGroup section */

/* Begin XCBuildConfiguration section */
		2AD52EF22A28FBE200416196 /* Debug */ = {
			isa = XCBuildConfiguration;
			buildSettings = {
				ALWAYS_SEARCH_USER_PATHS = NO;
				CLANG_ANALYZER_NONNULL = YES;
				CLANG_ANALYZER_NUMBER_OBJECT_CONVERSION = YES_AGGRESSIVE;
				CLANG_CXX_LANGUAGE_STANDARD = "gnu++20";
				CLANG_ENABLE_MODULES = YES;
				CLANG_ENABLE_OBJC_ARC = YES;
				CLANG_ENABLE_OBJC_WEAK = YES;
				CLANG_WARN_BLOCK_CAPTURE_AUTORELEASING = YES;
				CLANG_WARN_BOOL_CONVERSION = YES;
				CLANG_WARN_COMMA = YES;
				CLANG_WARN_CONSTANT_CONVERSION = YES;
				CLANG_WARN_DEPRECATED_OBJC_IMPLEMENTATIONS = YES;
				CLANG_WARN_DIRECT_OBJC_ISA_USAGE = YES_ERROR;
				CLANG_WARN_DOCUMENTATION_COMMENTS = YES;
				CLANG_WARN_EMPTY_BODY = YES;
				CLANG_WARN_ENUM_CONVERSION = YES;
				CLANG_WARN_INFINITE_RECURSION = YES;
				CLANG_WARN_INT_CONVERSION = YES;
				CLANG_WARN_NON_LITERAL_NULL_CONVERSION = YES;
				CLANG_WARN_OBJC_IMPLICIT_RETAIN_SELF = YES;
				CLANG_WARN_OBJC_LITERAL_CONVERSION = YES;
				CLANG_WARN_OBJC_ROOT_CLASS = YES_ERROR;
				CLANG_WARN_QUOTED_INCLUDE_IN_FRAMEWORK_HEADER = YES;
				CLANG_WARN_RANGE_LOOP_ANALYSIS = YES;
				CLANG_WARN_STRICT_PROTOTYPES = YES;
				CLANG_WARN_SUSPICIOUS_MOVE = YES;
				CLANG_WARN_UNGUARDED_AVAILABILITY = YES_AGGRESSIVE;
				CLANG_WARN_UNREACHABLE_CODE = YES;
				CLANG_WARN__DUPLICATE_METHOD_MATCH = YES;
				COPY_PHASE_STRIP = NO;
				DEBUG_INFORMATION_FORMAT = dwarf;
				ENABLE_STRICT_OBJC_MSGSEND = YES;
				ENABLE_TESTABILITY = YES;
				GCC_C_LANGUAGE_STANDARD = gnu11;
				GCC_DYNAMIC_NO_PIC = NO;
				GCC_NO_COMMON_BLOCKS = YES;
				GCC_OPTIMIZATION_LEVEL = 0;
				GCC_PREPROCESSOR_DEFINITIONS = (
					"DEBUG=1",
					"$(inherited)",
				);
				GCC_WARN_64_TO_32_BIT_CONVERSION = YES;
				GCC_WARN_ABOUT_RETURN_TYPE = YES_ERROR;
				GCC_WARN_UNDECLARED_SELECTOR = YES;
				GCC_WARN_UNINITIALIZED_AUTOS = YES_AGGRESSIVE;
				GCC_WARN_UNUSED_FUNCTION = YES;
				GCC_WARN_UNUSED_VARIABLE = YES;
				IPHONEOS_DEPLOYMENT_TARGET = 16.2;
				MTL_ENABLE_DEBUG_INFO = INCLUDE_SOURCE;
				MTL_FAST_MATH = YES;
				ONLY_ACTIVE_ARCH = YES;
				SDKROOT = iphoneos;
				SWIFT_ACTIVE_COMPILATION_CONDITIONS = DEBUG;
				SWIFT_OPTIMIZATION_LEVEL = "-Onone";
			};
			name = Debug;
		};
		2AD52EF32A28FBE200416196 /* Release */ = {
			isa = XCBuildConfiguration;
			buildSettings = {
				ALWAYS_SEARCH_USER_PATHS = NO;
				CLANG_ANALYZER_NONNULL = YES;
				CLANG_ANALYZER_NUMBER_OBJECT_CONVERSION = YES_AGGRESSIVE;
				CLANG_CXX_LANGUAGE_STANDARD = "gnu++20";
				CLANG_ENABLE_MODULES = YES;
				CLANG_ENABLE_OBJC_ARC = YES;
				CLANG_ENABLE_OBJC_WEAK = YES;
				CLANG_WARN_BLOCK_CAPTURE_AUTORELEASING = YES;
				CLANG_WARN_BOOL_CONVERSION = YES;
				CLANG_WARN_COMMA = YES;
				CLANG_WARN_CONSTANT_CONVERSION = YES;
				CLANG_WARN_DEPRECATED_OBJC_IMPLEMENTATIONS = YES;
				CLANG_WARN_DIRECT_OBJC_ISA_USAGE = YES_ERROR;
				CLANG_WARN_DOCUMENTATION_COMMENTS = YES;
				CLANG_WARN_EMPTY_BODY = YES;
				CLANG_WARN_ENUM_CONVERSION = YES;
				CLANG_WARN_INFINITE_RECURSION = YES;
				CLANG_WARN_INT_CONVERSION = YES;
				CLANG_WARN_NON_LITERAL_NULL_CONVERSION = YES;
				CLANG_WARN_OBJC_IMPLICIT_RETAIN_SELF = YES;
				CLANG_WARN_OBJC_LITERAL_CONVERSION = YES;
				CLANG_WARN_OBJC_ROOT_CLASS = YES_ERROR;
				CLANG_WARN_QUOTED_INCLUDE_IN_FRAMEWORK_HEADER = YES;
				CLANG_WARN_RANGE_LOOP_ANALYSIS = YES;
				CLANG_WARN_STRICT_PROTOTYPES = YES;
				CLANG_WARN_SUSPICIOUS_MOVE = YES;
				CLANG_WARN_UNGUARDED_AVAILABILITY = YES_AGGRESSIVE;
				CLANG_WARN_UNREACHABLE_CODE = YES;
				CLANG_WARN__DUPLICATE_METHOD_MATCH = YES;
				COPY_PHASE_STRIP = NO;
				DEBUG_INFORMATION_FORMAT = "dwarf-with-dsym";
				ENABLE_NS_ASSERTIONS = NO;
				ENABLE_STRICT_OBJC_MSGSEND = YES;
				GCC_C_LANGUAGE_STANDARD = gnu11;
				GCC_NO_COMMON_BLOCKS = YES;
				GCC_WARN_64_TO_32_BIT_CONVERSION = YES;
				GCC_WARN_ABOUT_RETURN_TYPE = YES_ERROR;
				GCC_WARN_UNDECLARED_SELECTOR = YES;
				GCC_WARN_UNINITIALIZED_AUTOS = YES_AGGRESSIVE;
				GCC_WARN_UNUSED_FUNCTION = YES;
				GCC_WARN_UNUSED_VARIABLE = YES;
				IPHONEOS_DEPLOYMENT_TARGET = 16.2;
				MTL_ENABLE_DEBUG_INFO = NO;
				MTL_FAST_MATH = YES;
				SDKROOT = iphoneos;
				SWIFT_COMPILATION_MODE = wholemodule;
				SWIFT_OPTIMIZATION_LEVEL = "-O";
				VALIDATE_PRODUCT = YES;
			};
			name = Release;
		};
		2AD52EF52A28FBE200416196 /* Debug */ = {
			isa = XCBuildConfiguration;
			buildSettings = {
				ASSETCATALOG_COMPILER_APPICON_NAME = AppIcon;
				ASSETCATALOG_COMPILER_GLOBAL_ACCENT_COLOR_NAME = AccentColor;
				CODE_SIGN_STYLE = Automatic;
				CURRENT_PROJECT_VERSION = 1;
				GENERATE_INFOPLIST_FILE = YES;
				INFOPLIST_FILE = 3m6hw/Info.plist;
				INFOPLIST_KEY_UIApplicationSupportsIndirectInputEvents = YES;
				INFOPLIST_KEY_UILaunchStoryboardName = LaunchScreen;
				INFOPLIST_KEY_UISupportedInterfaceOrientations_iPad = "UIInterfaceOrientationPortrait UIInterfaceOrientationPortraitUpsideDown UIInterfaceOrientationLandscapeLeft UIInterfaceOrientationLandscapeRight";
				INFOPLIST_KEY_UISupportedInterfaceOrientations_iPhone = "UIInterfaceOrientationPortrait UIInterfaceOrientationLandscapeLeft UIInterfaceOrientationLandscapeRight";
				LD_RUNPATH_SEARCH_PATHS = (
					"$(inherited)",
					"@executable_path/Frameworks",
				);
				MARKETING_VERSION = 1.0;
				PRODUCT_BUNDLE_IDENTIFIER = "-23.-m6hw";
				PRODUCT_NAME = "$(TARGET_NAME)";
				SWIFT_EMIT_LOC_STRINGS = YES;
				SWIFT_VERSION = 5.0;
				TARGETED_DEVICE_FAMILY = "1,2";
			};
			name = Debug;
		};
		2AD52EF62A28FBE200416196 /* Release */ = {
			isa = XCBuildConfiguration;
			buildSettings = {
				ASSETCATALOG_COMPILER_APPICON_NAME = AppIcon;
				ASSETCATALOG_COMPILER_GLOBAL_ACCENT_COLOR_NAME = AccentColor;
				CODE_SIGN_STYLE = Automatic;
				CURRENT_PROJECT_VERSION = 1;
				GENERATE_INFOPLIST_FILE = YES;
				INFOPLIST_FILE = 3m6hw/Info.plist;
				INFOPLIST_KEY_UIApplicationSupportsIndirectInputEvents = YES;
				INFOPLIST_KEY_UILaunchStoryboardName = LaunchScreen;
				INFOPLIST_KEY_UISupportedInterfaceOrientations_iPad = "UIInterfaceOrientationPortrait UIInterfaceOrientationPortraitUpsideDown UIInterfaceOrientationLandscapeLeft UIInterfaceOrientationLandscapeRight";
				INFOPLIST_KEY_UISupportedInterfaceOrientations_iPhone = "UIInterfaceOrientationPortrait UIInterfaceOrientationLandscapeLeft UIInterfaceOrientationLandscapeRight";
				LD_RUNPATH_SEARCH_PATHS = (
					"$(inherited)",
					"@executable_path/Frameworks",
				);
				MARKETING_VERSION = 1.0;
				PRODUCT_BUNDLE_IDENTIFIER = "-23.-m6hw";
				PRODUCT_NAME = "$(TARGET_NAME)";
				SWIFT_EMIT_LOC_STRINGS = YES;
				SWIFT_VERSION = 5.0;
				TARGETED_DEVICE_FAMILY = "1,2";
			};
			name = Release;
		};
/* End XCBuildConfiguration section */

/* Begin XCConfigurationList section */
		2AD52EDB2A28FBE100416196 /* Build configuration list for PBXProject "3m6hw" */ = {
			isa = XCConfigurationList;
			buildConfigurations = (
				2AD52EF22A28FBE200416196 /* Debug */,
				2AD52EF32A28FBE200416196 /* Release */,
			);
			defaultConfigurationIsVisible = 0;
			defaultConfigurationName = Release;
		};
		2AD52EF42A28FBE200416196 /* Build configuration list for PBXNativeTarget "3m6hw" */ = {
			isa = XCConfigurationList;
			buildConfigurations = (
				2AD52EF52A28FBE200416196 /* Debug */,
				2AD52EF62A28FBE200416196 /* Release */,
			);
			defaultConfigurationIsVisible = 0;
			defaultConfigurationName = Release;
		};
/* End XCConfigurationList section */

/* Begin XCRemoteSwiftPackageReference section */
		2AD52EF72A2C0E7500416196 /* XCRemoteSwiftPackageReference "SnapKit" */ = {
			isa = XCRemoteSwiftPackageReference;
			repositoryURL = "https://github.com/SnapKit/SnapKit.git";
			requirement = {
				branch = develop;
				kind = branch;
			};
		};
/* End XCRemoteSwiftPackageReference section */

/* Begin XCSwiftPackageProductDependency section */
		2AD52EF82A2C0E7500416196 /* SnapKit */ = {
			isa = XCSwiftPackageProductDependency;
			package = 2AD52EF72A2C0E7500416196 /* XCRemoteSwiftPackageReference "SnapKit" */;
			productName = SnapKit;
		};
/* End XCSwiftPackageProductDependency section */
	};
	rootObject = 2AD52ED82A28FBE100416196 /* Project object */;
}
